
Microsoft Visual Studio Solution File, Format Version 12.00
# Visual Studio 15
VisualStudioVersion = 15.0.26430.13
MinimumVisualStudioVersion = 10.0.40219.1
Project("{FAE04EC0-301F-11D3-BF4B-00C04F79EFBC}") = "Sort", "Sort\Sort.csproj", "{18D98339-D6C2-42EA-BDFB-157C8A9A085C}"
EndProject
Project("{FAE04EC0-301F-11D3-BF4B-00C04F79EFBC}") = "Heap", "Heap\Heap.csproj", "{5EB1EC9A-C0E6-4479-811F-617767B9D534}"
EndProject
Project("{FAE04EC0-301F-11D3-BF4B-00C04F79EFBC}") = "Tree", "Tree\Tree.csproj", "{D0CF40C6-78AC-40DD-A790-66858938840B}"
EndProject
Global
	GlobalSection(SolutionConfigurationPlatforms) = preSolution
		Debug|Any CPU = Debug|Any CPU
		Release|Any CPU = Release|Any CPU
	EndGlobalSection
	GlobalSection(ProjectConfigurationPlatforms) = postSolution
		{18D98339-D6C2-42EA-BDFB-157C8A9A085C}.Debug|Any CPU.ActiveCfg = Debug|Any CPU
		{18D98339-D6C2-42EA-BDFB-157C8A9A085C}.Debug|Any CPU.Build.0 = Debug|Any CPU
		{18D98339-D6C2-42EA-BDFB-157C8A9A085C}.Release|Any CPU.ActiveCfg = Release|Any CPU
		{18D98339-D6C2-42EA-BDFB-157C8A9A085C}.Release|Any CPU.Build.0 = Release|Any CPU
		{5EB1EC9A-C0E6-4479-811F-617767B9D534}.Debug|Any CPU.ActiveCfg = Debug|Any CPU
		{5EB1EC9A-C0E6-4479-811F-617767B9D534}.Debug|Any CPU.Build.0 = Debug|Any CPU
		{5EB1EC9A-C0E6-4479-811F-617767B9D534}.Release|Any CPU.ActiveCfg = Release|Any CPU
		{5EB1EC9A-C0E6-4479-811F-617767B9D534}.Release|Any CPU.Build.0 = Release|Any CPU
		{D0CF40C6-78AC-40DD-A790-66858938840B}.Debug|Any CPU.ActiveCfg = Debug|Any CPU
		{D0CF40C6-78AC-40DD-A790-66858938840B}.Debug|Any CPU.Build.0 = Debug|Any CPU
		{D0CF40C6-78AC-40DD-A790-66858938840B}.Release|Any CPU.ActiveCfg = Release|Any CPU
		{D0CF40C6-78AC-40DD-A790-66858938840B}.Release|Any CPU.Build.0 = Release|Any CPU
	EndGlobalSection
	GlobalSection(SolutionProperties) = preSolution
		HideSolutionNode = FALSE
	EndGlobalSection
EndGlobal
